
Microsoft Visual Studio Solution File, Format Version 12.00
# Visual Studio Version 16
VisualStudioVersion = 16.0.29806.167
MinimumVisualStudioVersion = 10.0.40219.1
Project("{FAE04EC0-301F-11D3-BF4B-00C04F79EFBC}") = "SFM.DBLite", "SFM.DBLite.csproj", "{7DD90AAF-F38A-4D73-A361-03FE8BA09B11}"
EndProject
Project("{FAE04EC0-301F-11D3-BF4B-00C04F79EFBC}") = "SFM.DBLite.Test", "SFM.DBLite.Test\SFM.DBLite.Test.csproj", "{674647E6-9A44-4769-AED8-0EA7BB31CC28}"
EndProject
Global
	GlobalSection(SolutionConfigurationPlatforms) = preSolution
		Debug|Any CPU = Debug|Any CPU
		Release|Any CPU = Release|Any CPU
	EndGlobalSection
	GlobalSection(ProjectConfigurationPlatforms) = postSolution
		{7DD90AAF-F38A-4D73-A361-03FE8BA09B11}.Debug|Any CPU.ActiveCfg = Debug|Any CPU
		{7DD90AAF-F38A-4D73-A361-03FE8BA09B11}.Debug|Any CPU.Build.0 = Debug|Any CPU
		{7DD90AAF-F38A-4D73-A361-03FE8BA09B11}.Release|Any CPU.ActiveCfg = Release|Any CPU
		{7DD90AAF-F38A-4D73-A361-03FE8BA09B11}.Release|Any CPU.Build.0 = Release|Any CPU
		{674647E6-9A44-4769-AED8-0EA7BB31CC28}.Debug|Any CPU.ActiveCfg = Debug|Any CPU
		{674647E6-9A44-4769-AED8-0EA7BB31CC28}.Debug|Any CPU.Build.0 = Debug|Any CPU
		{674647E6-9A44-4769-AED8-0EA7BB31CC28}.Release|Any CPU.ActiveCfg = Release|Any CPU
		{674647E6-9A44-4769-AED8-0EA7BB31CC28}.Release|Any CPU.Build.0 = Release|Any CPU
	EndGlobalSection
	GlobalSection(SolutionProperties) = preSolution
		HideSolutionNode = FALSE
	EndGlobalSection
	GlobalSection(ExtensibilityGlobals) = postSolution
		SolutionGuid = {90DDA165-AE33-40FA-B6EB-7D17B2EDEE20}
	EndGlobalSection
EndGlobal
